<?xml version="1.0" encoding="utf-8"?>
<Project ToolsVersion="4.0" xmlns="http://schemas.microsoft.com/developer/msbuild/2003">
  <ItemGroup>
    <Filter Include="Core">
      <UniqueIdentifier>{2685db9e-bdf1-4126-9b0d-fb05f0bdfe0d}</UniqueIdentifier>
    </Filter>
    <Filter Include="Math">
      <UniqueIdentifier>{50e47603-9753-45f9-9b44-b8f58dabed05}</UniqueIdentifier>
    </Filter>
    <Filter Include="Utility">
      <UniqueIdentifier>{91fa7ef9-bfb7-481c-bbc2-8ab985406ecf}</UniqueIdentifier>
    </Filter>
    <Filter Include="Managers">
      <UniqueIdentifier>{6d9451ca-aaa7-4435-8623-c21cceeb0cd8}</UniqueIdentifier>
    </Filter>
    <Filter Include="Listeners">
      <UniqueIdentifier>{4e2794d5-f7bd-49b6-8ded-28406ac5b36b}</UniqueIdentifier>
    </Filter>
    <Filter Include="Core\Enemy">
      <UniqueIdentifier>{53d2ba59-a1a7-44ae-af89-5b7c72d135f6}</UniqueIdentifier>
    </Filter>
    <Filter Include="Core\Tower">
      <UniqueIdentifier>{681f0798-2717-4e3a-99f8-38e7f6bdac87}</UniqueIdentifier>
    </Filter>
    <Filter Include="Core\Level">
      <UniqueIdentifier>{9a7e7116-0247-40b5-a342-e1bde82bdba2}</UniqueIdentifier>
    </Filter>
    <Filter Include="Core\Grid">
      <UniqueIdentifier>{330d5c59-15d1-4be9-945b-a924c4de7a34}</UniqueIdentifier>
    </Filter>
    <Filter Include="Core\Heatmap">
      <UniqueIdentifier>{fd1a8ccd-7ae5-437b-8a7b-f1407b1b4289}</UniqueIdentifier>
    </Filter>
    <Filter Include="Interfaces">
      <UniqueIdentifier>{75816ec0-419e-49a6-a625-a41e98118ba5}</UniqueIdentifier>
    </Filter>
    <Filter Include="Core\Projectile">
      <UniqueIdentifier>{78646375-bc98-468c-9e67-b1a547b0cc2f}</UniqueIdentifier>
    </Filter>
    <Filter Include="Core\States">
      <UniqueIdentifier>{4bcf9613-4792-4aa5-ab50-bc2965e18098}</UniqueIdentifier>
    </Filter>
    <Filter Include="Core\Player">
      <UniqueIdentifier>{fe457d7d-90ae-460f-847a-2011150e04a8}</UniqueIdentifier>
    </Filter>
    <Filter Include="Core\UI">
      <UniqueIdentifier>{0f36378e-02c0-4504-b292-4701e73109f7}</UniqueIdentifier>
    </Filter>
  </ItemGroup>
  <ItemGroup>
    <ClCompile Include="..\src\main.cpp" />
    <ClCompile Include="..\src\AssetManager.cpp">
      <Filter>Managers</Filter>
    </ClCompile>
    <ClCompile Include="..\src\SimpleTimer.cpp">
      <Filter>Utility</Filter>
    </ClCompile>
    <ClCompile Include="..\src\JTime.cpp">
      <Filter>Utility</Filter>
    </ClCompile>
    <ClCompile Include="..\src\NavManager.cpp">
      <Filter>Managers</Filter>
    </ClCompile>
    <ClCompile Include="..\src\NavNode.cpp">
      <Filter>Core</Filter>
    </ClCompile>
    <ClCompile Include="..\src\JHelper.cpp">
      <Filter>Utility</Filter>
    </ClCompile>
    <ClCompile Include="..\src\JMath.cpp">
      <Filter>Math</Filter>
    </ClCompile>
    <ClCompile Include="..\src\InputHandler.cpp">
      <Filter>Managers</Filter>
    </ClCompile>
    <ClCompile Include="..\src\FileIO.cpp">
      <Filter>Utility</Filter>
    </ClCompile>
    <ClCompile Include="..\src\Application.cpp">
      <Filter>Core</Filter>
    </ClCompile>
    <ClCompile Include="..\src\TowerManager.cpp">
      <Filter>Managers</Filter>
    </ClCompile>
    <ClCompile Include="..\src\EnemyDirector.cpp">
      <Filter>Managers</Filter>
    </ClCompile>
    <ClCompile Include="..\src\HeatmapManager.cpp">
      <Filter>Managers</Filter>
    </ClCompile>
    <ClCompile Include="..\src\Game.cpp">
      <Filter>Core</Filter>
    </ClCompile>
    <ClCompile Include="..\src\TDSprite.cpp">
      <Filter>Core</Filter>
    </ClCompile>
    <ClCompile Include="..\src\Scheduler.cpp">
      <Filter>Utility</Filter>
    </ClCompile>
    <ClCompile Include="..\src\Enemy.cpp">
      <Filter>Core\Enemy</Filter>
    </ClCompile>
    <ClCompile Include="..\src\EnemySpawn.cpp">
      <Filter>Core\Enemy</Filter>
    </ClCompile>
    <ClCompile Include="..\src\Tower.cpp">
      <Filter>Core\Tower</Filter>
    </ClCompile>
    <ClCompile Include="..\src\Level.cpp">
      <Filter>Core\Level</Filter>
    </ClCompile>
    <ClCompile Include="..\src\LevelPath.cpp">
      <Filter>Core\Level</Filter>
    </ClCompile>
    <ClCompile Include="..\src\Tile.cpp">
      <Filter>Core\Grid</Filter>
    </ClCompile>
    <ClCompile Include="..\src\TileGrid.cpp">
      <Filter>Core\Grid</Filter>
    </ClCompile>
    <ClCompile Include="..\src\Heatmap.cpp">
      <Filter>Core\Heatmap</Filter>
    </ClCompile>
    <ClCompile Include="..\src\ProjectileManager.cpp">
      <Filter>Managers</Filter>
    </ClCompile>
    <ClCompile Include="..\src\TowerBullet.cpp">
      <Filter>Core\Projectile</Filter>
    </ClCompile>
    <ClCompile Include="..\src\TowerLaser.cpp">
      <Filter>Core\Projectile</Filter>
    </ClCompile>
    <ClCompile Include="..\src\Projectile.cpp">
      <Filter>Core\Projectile</Filter>
    </ClCompile>
    <ClCompile Include="..\src\Killable.cpp">
      <Filter>Core</Filter>
    </ClCompile>
    <ClCompile Include="..\src\TargetingSystem.cpp">
      <Filter>Core\Tower</Filter>
    </ClCompile>
    <ClCompile Include="..\src\DirectorBrain.cpp">
      <Filter>Core\Enemy</Filter>
    </ClCompile>
    <ClCompile Include="..\src\EnemyManager.cpp">
      <Filter>Managers</Filter>
    </ClCompile>
    <ClCompile Include="..\src\GDebugFlags.cpp">
      <Filter>Utility</Filter>
    </ClCompile>
    <ClCompile Include="..\src\State.cpp">
      <Filter>Core\States</Filter>
    </ClCompile>
    <ClCompile Include="..\src\StateHandler.cpp">
      <Filter>Core\States</Filter>
    </ClCompile>
    <ClCompile Include="..\src\StateSelection.cpp">
      <Filter>Core\States</Filter>
    </ClCompile>
    <ClCompile Include="..\src\StateGame.cpp">
      <Filter>Core\States</Filter>
    </ClCompile>
    <ClCompile Include="..\src\GameAudio.cpp">
      <Filter>Managers</Filter>
    </ClCompile>
    <ClCompile Include="..\src\PlayerHealth.cpp">
      <Filter>Core\Player</Filter>
    </ClCompile>
    <ClCompile Include="..\src\ScoreManager.cpp">
      <Filter>Managers</Filter>
    </ClCompile>
    <ClCompile Include="..\src\ValueBar.cpp">
      <Filter>Core\UI</Filter>
    </ClCompile>
    <ClCompile Include="..\src\TextPopup.cpp">
      <Filter>Core\UI</Filter>
    </ClCompile>
    <ClCompile Include="..\src\GUIButton.cpp">
      <Filter>Core\UI</Filter>
    </ClCompile>
  </ItemGroup>
  <ItemGroup>
    <ClInclude Include="..\src\AssetManager.h">
      <Filter>Managers</Filter>
    </ClInclude>
    <ClInclude Include="..\src\SimpleTimer.h">
      <Filter>Utility</Filter>
    </ClInclude>
    <ClInclude Include="..\src\JTime.h">
      <Filter>Utility</Filter>
    </ClInclude>
    <ClInclude Include="..\src\JHelper.h">
      <Filter>Utility</Filter>
    </ClInclude>
    <ClInclude Include="..\src\Constants.h">
      <Filter>Core</Filter>
    </ClInclude>
    <ClInclude Include="..\src\NavManager.h">
      <Filter>Managers</Filter>
    </ClInclude>
    <ClInclude Include="..\src\NavNode.h">
      <Filter>Core</Filter>
    </ClInclude>
    <ClInclude Include="..\src\GameData.h">
      <Filter>Core</Filter>
    </ClInclude>
    <ClInclude Include="..\src\JMath.h">
      <Filter>Math</Filter>
    </ClInclude>
    <ClInclude Include="..\src\ListenerSubject.h">
      <Filter>Utility</Filter>
    </ClInclude>
    <ClInclude Include="..\src\InputHandler.h">
      <Filter>Managers</Filter>
    </ClInclude>
    <ClInclude Include="..\src\FileIO.h">
      <Filter>Utility</Filter>
    </ClInclude>
    <ClInclude Include="..\src\Application.h">
      <Filter>Core</Filter>
    </ClInclude>
    <ClInclude Include="..\src\TowerManager.h">
      <Filter>Managers</Filter>
    </ClInclude>
    <ClInclude Include="..\src\EnemyDirector.h">
      <Filter>Managers</Filter>
    </ClInclude>
    <ClInclude Include="..\src\EnemyListener.h">
      <Filter>Listeners</Filter>
    </ClInclude>
    <ClInclude Include="..\src\HeatmapManager.h">
      <Filter>Managers</Filter>
    </ClInclude>
    <ClInclude Include="..\src\Game.h">
      <Filter>Core</Filter>
    </ClInclude>
    <ClInclude Include="..\src\Killable.h">
      <Filter>Core</Filter>
    </ClInclude>
    <ClInclude Include="..\src\NavPath.h">
      <Filter>Core</Filter>
    </ClInclude>
    <ClInclude Include="..\src\TDSprite.h">
      <Filter>Core</Filter>
    </ClInclude>
    <ClInclude Include="..\src\ScheduledTask.h">
      <Filter>Utility</Filter>
    </ClInclude>
    <ClInclude Include="..\src\Scheduler.h">
      <Filter>Utility</Filter>
    </ClInclude>
    <ClInclude Include="..\src\Enemy.h">
      <Filter>Core\Enemy</Filter>
    </ClInclude>
    <ClInclude Include="..\src\EnemySpawn.h">
      <Filter>Core\Enemy</Filter>
    </ClInclude>
    <ClInclude Include="..\src\EnemyType.h">
      <Filter>Core\Enemy</Filter>
    </ClInclude>
    <ClInclude Include="..\src\Tower.h">
      <Filter>Core\Tower</Filter>
    </ClInclude>
    <ClInclude Include="..\src\Level.h">
      <Filter>Core\Level</Filter>
    </ClInclude>
    <ClInclude Include="..\src\LevelData.h">
      <Filter>Core\Level</Filter>
    </ClInclude>
    <ClInclude Include="..\src\LevelPath.h">
      <Filter>Core\Level</Filter>
    </ClInclude>
    <ClInclude Include="..\src\Tile.h">
      <Filter>Core\Grid</Filter>
    </ClInclude>
    <ClInclude Include="..\src\TileGrid.h">
      <Filter>Core\Grid</Filter>
    </ClInclude>
    <ClInclude Include="..\src\Waypoint.h">
      <Filter>Core\Level</Filter>
    </ClInclude>
    <ClInclude Include="..\src\Heatmap.h">
      <Filter>Core\Heatmap</Filter>
    </ClInclude>
    <ClInclude Include="..\src\HeatmapFlag.h">
      <Filter>Core\Heatmap</Filter>
    </ClInclude>
    <ClInclude Include="..\src\WeightingType.h">
      <Filter>Core\Heatmap</Filter>
    </ClInclude>
    <ClInclude Include="..\src\ProjectileManager.h">
      <Filter>Managers</Filter>
    </ClInclude>
    <ClInclude Include="..\src\IProjectileManager.h">
      <Filter>Interfaces</Filter>
    </ClInclude>
    <ClInclude Include="..\src\TowerType.h">
      <Filter>Core\Tower</Filter>
    </ClInclude>
    <ClInclude Include="..\src\TowerBullet.h">
      <Filter>Core\Projectile</Filter>
    </ClInclude>
    <ClInclude Include="..\src\TowerLaser.h">
      <Filter>Core\Projectile</Filter>
    </ClInclude>
    <ClInclude Include="..\src\Projectile.h">
      <Filter>Core\Projectile</Filter>
    </ClInclude>
    <ClInclude Include="..\src\ProjectileRequest.h">
      <Filter>Core\Projectile</Filter>
    </ClInclude>
    <ClInclude Include="..\src\TargetingPrefs.h">
      <Filter>Core\Tower</Filter>
    </ClInclude>
    <ClInclude Include="..\src\ProjectileStats.h">
      <Filter>Core\Tower</Filter>
    </ClInclude>
    <ClInclude Include="..\src\TargetingSystem.h">
      <Filter>Core\Tower</Filter>
    </ClInclude>
    <ClInclude Include="..\src\WeightedEnemy.h">
      <Filter>Core\Tower</Filter>
    </ClInclude>
    <ClInclude Include="..\src\DirectorBrain.h">
      <Filter>Core\Enemy</Filter>
    </ClInclude>
    <ClInclude Include="..\src\WorkingKnowledge.h">
      <Filter>Core\Enemy</Filter>
    </ClInclude>
    <ClInclude Include="..\src\EnemyManager.h">
      <Filter>Managers</Filter>
    </ClInclude>
    <ClInclude Include="..\src\GDebugFlags.h">
      <Filter>Utility</Filter>
    </ClInclude>
    <ClInclude Include="..\src\BrainStatistics.h">
      <Filter>Core\Enemy</Filter>
    </ClInclude>
    <ClInclude Include="..\src\State.h">
      <Filter>Core\States</Filter>
    </ClInclude>
    <ClInclude Include="..\src\StateHandler.h">
      <Filter>Core\States</Filter>
    </ClInclude>
    <ClInclude Include="..\src\StateSelection.h">
      <Filter>Core\States</Filter>
    </ClInclude>
    <ClInclude Include="..\src\StateGame.h">
      <Filter>Core\States</Filter>
    </ClInclude>
    <ClInclude Include="..\src\GameAudio.h">
      <Filter>Managers</Filter>
    </ClInclude>
    <ClInclude Include="..\src\GameListener.h">
      <Filter>Listeners</Filter>
    </ClInclude>
    <ClInclude Include="..\src\PlayerHealth.h">
      <Filter>Core\Player</Filter>
    </ClInclude>
    <ClInclude Include="..\src\ScoreManager.h">
      <Filter>Managers</Filter>
    </ClInclude>
    <ClInclude Include="..\src\ValueBar.h">
      <Filter>Core\UI</Filter>
    </ClInclude>
    <ClInclude Include="..\src\TextPopup.h">
      <Filter>Core\UI</Filter>
    </ClInclude>
    <ClInclude Include="..\src\GUIButton.h">
      <Filter>Core\UI</Filter>
    </ClInclude>
  </ItemGroup>
</Project>